
Microsoft Visual Studio Solution File, Format Version 12.00
# Visual Studio Version 17
VisualStudioVersion = 17.3.32929.385
MinimumVisualStudioVersion = 10.0.40219.1
Project("{FAE04EC0-301F-11D3-BF4B-00C04F79EFBC}") = "vShop.WebApi", "vShop.WebApi\vShop.WebApi.csproj", "{208A1CC3-7877-47CB-8DC4-10A59AA6CF60}"
EndProject
Project("{FAE04EC0-301F-11D3-BF4B-00C04F79EFBC}") = "vShop.Data", "vShop.Data\vShop.Data.csproj", "{8FC9DA9A-8853-43D9-BDC9-E9586536225C}"
EndProject
Project("{FAE04EC0-301F-11D3-BF4B-00C04F79EFBC}") = "vShop.Application", "vShop.Application\vShop.Application.csproj", "{57B9A9C6-28C1-4094-A964-46339393997F}"
EndProject
Global
	GlobalSection(SolutionConfigurationPlatforms) = preSolution
		Debug|Any CPU = Debug|Any CPU
		Release|Any CPU = Release|Any CPU
	EndGlobalSection
	GlobalSection(ProjectConfigurationPlatforms) = postSolution
		{208A1CC3-7877-47CB-8DC4-10A59AA6CF60}.Debug|Any CPU.ActiveCfg = Debug|Any CPU
		{208A1CC3-7877-47CB-8DC4-10A59AA6CF60}.Debug|Any CPU.Build.0 = Debug|Any CPU
		{208A1CC3-7877-47CB-8DC4-10A59AA6CF60}.Release|Any CPU.ActiveCfg = Release|Any CPU
		{208A1CC3-7877-47CB-8DC4-10A59AA6CF60}.Release|Any CPU.Build.0 = Release|Any CPU
		{8FC9DA9A-8853-43D9-BDC9-E9586536225C}.Debug|Any CPU.ActiveCfg = Debug|Any CPU
		{8FC9DA9A-8853-43D9-BDC9-E9586536225C}.Debug|Any CPU.Build.0 = Debug|Any CPU
		{8FC9DA9A-8853-43D9-BDC9-E9586536225C}.Release|Any CPU.ActiveCfg = Release|Any CPU
		{8FC9DA9A-8853-43D9-BDC9-E9586536225C}.Release|Any CPU.Build.0 = Release|Any CPU
		{57B9A9C6-28C1-4094-A964-46339393997F}.Debug|Any CPU.ActiveCfg = Debug|Any CPU
		{57B9A9C6-28C1-4094-A964-46339393997F}.Debug|Any CPU.Build.0 = Debug|Any CPU
		{57B9A9C6-28C1-4094-A964-46339393997F}.Release|Any CPU.ActiveCfg = Release|Any CPU
		{57B9A9C6-28C1-4094-A964-46339393997F}.Release|Any CPU.Build.0 = Release|Any CPU
	EndGlobalSection
	GlobalSection(SolutionProperties) = preSolution
		HideSolutionNode = FALSE
	EndGlobalSection
	GlobalSection(ExtensibilityGlobals) = postSolution
		SolutionGuid = {AE435BE6-F908-4DF1-9F55-E5A6BAB02507}
	EndGlobalSection
EndGlobal
